
Microsoft Visual Studio Solution File, Format Version 12.00
# Visual Studio 2012
Project("{FAE04EC0-301F-11D3-BF4B-00C04F79EFBC}") = "fan-antic", "fan-antic\fan-antic.csproj", "{6E3620CA-3C98-491A-A3D5-EC73EBB579B2}"
EndProject
Project("{FAE04EC0-301F-11D3-BF4B-00C04F79EFBC}") = "WindowsFormsApplication", "WindowsFormsApplication\WindowsFormsApplication.csproj", "{2F3CD7EE-B48D-4931-9931-2E4003915ADC}"
EndProject
Project("{FAE04EC0-301F-11D3-BF4B-00C04F79EFBC}") = "web", "web\web.csproj", "{0081E5C0-D340-428D-8DD5-42CADF4561CF}"
EndProject
Project("{FAE04EC0-301F-11D3-BF4B-00C04F79EFBC}") = "web.Tests", "web.Tests\web.Tests.csproj", "{969F9176-F206-43AD-97F9-33D69F8A0570}"
EndProject
Global
	GlobalSection(SolutionConfigurationPlatforms) = preSolution
		Debug|Any CPU = Debug|Any CPU
		LocalWebServerDebug|Any CPU = LocalWebServerDebug|Any CPU
		PROD|Any CPU = PROD|Any CPU
		RC|Any CPU = RC|Any CPU
		Release|Any CPU = Release|Any CPU
		STG|Any CPU = STG|Any CPU
	EndGlobalSection
	GlobalSection(ProjectConfigurationPlatforms) = postSolution
		{6E3620CA-3C98-491A-A3D5-EC73EBB579B2}.Debug|Any CPU.ActiveCfg = Debug|Any CPU
		{6E3620CA-3C98-491A-A3D5-EC73EBB579B2}.Debug|Any CPU.Build.0 = Debug|Any CPU
		{6E3620CA-3C98-491A-A3D5-EC73EBB579B2}.LocalWebServerDebug|Any CPU.ActiveCfg = LocalWebServerDebug|Any CPU
		{6E3620CA-3C98-491A-A3D5-EC73EBB579B2}.LocalWebServerDebug|Any CPU.Build.0 = LocalWebServerDebug|Any CPU
		{6E3620CA-3C98-491A-A3D5-EC73EBB579B2}.PROD|Any CPU.ActiveCfg = PROD|Any CPU
		{6E3620CA-3C98-491A-A3D5-EC73EBB579B2}.PROD|Any CPU.Build.0 = PROD|Any CPU
		{6E3620CA-3C98-491A-A3D5-EC73EBB579B2}.RC|Any CPU.ActiveCfg = RC|Any CPU
		{6E3620CA-3C98-491A-A3D5-EC73EBB579B2}.RC|Any CPU.Build.0 = RC|Any CPU
		{6E3620CA-3C98-491A-A3D5-EC73EBB579B2}.Release|Any CPU.ActiveCfg = Release|Any CPU
		{6E3620CA-3C98-491A-A3D5-EC73EBB579B2}.Release|Any CPU.Build.0 = Release|Any CPU
		{6E3620CA-3C98-491A-A3D5-EC73EBB579B2}.STG|Any CPU.ActiveCfg = STG|Any CPU
		{6E3620CA-3C98-491A-A3D5-EC73EBB579B2}.STG|Any CPU.Build.0 = STG|Any CPU
		{2F3CD7EE-B48D-4931-9931-2E4003915ADC}.Debug|Any CPU.ActiveCfg = Debug|Any CPU
		{2F3CD7EE-B48D-4931-9931-2E4003915ADC}.Debug|Any CPU.Build.0 = Debug|Any CPU
		{2F3CD7EE-B48D-4931-9931-2E4003915ADC}.LocalWebServerDebug|Any CPU.ActiveCfg = LocalWebServerDebug|Any CPU
		{2F3CD7EE-B48D-4931-9931-2E4003915ADC}.LocalWebServerDebug|Any CPU.Build.0 = LocalWebServerDebug|Any CPU
		{2F3CD7EE-B48D-4931-9931-2E4003915ADC}.PROD|Any CPU.ActiveCfg = PROD|Any CPU
		{2F3CD7EE-B48D-4931-9931-2E4003915ADC}.PROD|Any CPU.Build.0 = PROD|Any CPU
		{2F3CD7EE-B48D-4931-9931-2E4003915ADC}.RC|Any CPU.ActiveCfg = RC|Any CPU
		{2F3CD7EE-B48D-4931-9931-2E4003915ADC}.RC|Any CPU.Build.0 = RC|Any CPU
		{2F3CD7EE-B48D-4931-9931-2E4003915ADC}.Release|Any CPU.ActiveCfg = Release|Any CPU
		{2F3CD7EE-B48D-4931-9931-2E4003915ADC}.Release|Any CPU.Build.0 = Release|Any CPU
		{2F3CD7EE-B48D-4931-9931-2E4003915ADC}.STG|Any CPU.ActiveCfg = STG|Any CPU
		{2F3CD7EE-B48D-4931-9931-2E4003915ADC}.STG|Any CPU.Build.0 = STG|Any CPU
		{0081E5C0-D340-428D-8DD5-42CADF4561CF}.Debug|Any CPU.ActiveCfg = Debug|Any CPU
		{0081E5C0-D340-428D-8DD5-42CADF4561CF}.Debug|Any CPU.Build.0 = Debug|Any CPU
		{0081E5C0-D340-428D-8DD5-42CADF4561CF}.LocalWebServerDebug|Any CPU.ActiveCfg = Debug|Any CPU
		{0081E5C0-D340-428D-8DD5-42CADF4561CF}.LocalWebServerDebug|Any CPU.Build.0 = Debug|Any CPU
		{0081E5C0-D340-428D-8DD5-42CADF4561CF}.PROD|Any CPU.ActiveCfg = Release|Any CPU
		{0081E5C0-D340-428D-8DD5-42CADF4561CF}.PROD|Any CPU.Build.0 = Release|Any CPU
		{0081E5C0-D340-428D-8DD5-42CADF4561CF}.RC|Any CPU.ActiveCfg = Release|Any CPU
		{0081E5C0-D340-428D-8DD5-42CADF4561CF}.RC|Any CPU.Build.0 = Release|Any CPU
		{0081E5C0-D340-428D-8DD5-42CADF4561CF}.Release|Any CPU.ActiveCfg = Release|Any CPU
		{0081E5C0-D340-428D-8DD5-42CADF4561CF}.Release|Any CPU.Build.0 = Release|Any CPU
		{0081E5C0-D340-428D-8DD5-42CADF4561CF}.STG|Any CPU.ActiveCfg = Release|Any CPU
		{0081E5C0-D340-428D-8DD5-42CADF4561CF}.STG|Any CPU.Build.0 = Release|Any CPU
		{969F9176-F206-43AD-97F9-33D69F8A0570}.Debug|Any CPU.ActiveCfg = Debug|Any CPU
		{969F9176-F206-43AD-97F9-33D69F8A0570}.Debug|Any CPU.Build.0 = Debug|Any CPU
		{969F9176-F206-43AD-97F9-33D69F8A0570}.LocalWebServerDebug|Any CPU.ActiveCfg = Debug|Any CPU
		{969F9176-F206-43AD-97F9-33D69F8A0570}.LocalWebServerDebug|Any CPU.Build.0 = Debug|Any CPU
		{969F9176-F206-43AD-97F9-33D69F8A0570}.PROD|Any CPU.ActiveCfg = Release|Any CPU
		{969F9176-F206-43AD-97F9-33D69F8A0570}.PROD|Any CPU.Build.0 = Release|Any CPU
		{969F9176-F206-43AD-97F9-33D69F8A0570}.RC|Any CPU.ActiveCfg = Release|Any CPU
		{969F9176-F206-43AD-97F9-33D69F8A0570}.RC|Any CPU.Build.0 = Release|Any CPU
		{969F9176-F206-43AD-97F9-33D69F8A0570}.Release|Any CPU.ActiveCfg = Release|Any CPU
		{969F9176-F206-43AD-97F9-33D69F8A0570}.Release|Any CPU.Build.0 = Release|Any CPU
		{969F9176-F206-43AD-97F9-33D69F8A0570}.STG|Any CPU.ActiveCfg = Release|Any CPU
		{969F9176-F206-43AD-97F9-33D69F8A0570}.STG|Any CPU.Build.0 = Release|Any CPU
	EndGlobalSection
	GlobalSection(SolutionProperties) = preSolution
		HideSolutionNode = FALSE
	EndGlobalSection
EndGlobal
